// !$*UTF8*$!
{
	archiveVersion = 1;
	classes = {
	};
	objectVersion = 45;
	objects = {

/* Begin PBXBuildFile section */
		1D3623260D0F684500981E51 /* KickballAppDelegate.m in Sources */ = {isa = PBXBuildFile; fileRef = 1D3623250D0F684500981E51 /* KickballAppDelegate.m */; };
		1D60589B0D05DD56006BFB54 /* main.m in Sources */ = {isa = PBXBuildFile; fileRef = 29B97316FDCFA39411CA2CEA /* main.m */; };
		1D60589F0D05DD5A006BFB54 /* Foundation.framework in Frameworks */ = {isa = PBXBuildFile; fileRef = 1D30AB110D05D00D00671497 /* Foundation.framework */; };
		1DF5F4E00D08C38300B7A737 /* UIKit.framework in Frameworks */ = {isa = PBXBuildFile; fileRef = 1DF5F4DF0D08C38300B7A737 /* UIKit.framework */; };
		288765A50DF7441C002DB57D /* CoreGraphics.framework in Frameworks */ = {isa = PBXBuildFile; fileRef = 288765A40DF7441C002DB57D /* CoreGraphics.framework */; };
		28AD733F0D9D9553002E5188 /* MainWindow.xib in Resources */ = {isa = PBXBuildFile; fileRef = 28AD733E0D9D9553002E5188 /* MainWindow.xib */; };
		6A044CAC109545200063FC33 /* FriendsListViewController.m in Sources */ = {isa = PBXBuildFile; fileRef = 6A044CAA109545200063FC33 /* FriendsListViewController.m */; };
		6A044CAD109545200063FC33 /* FriendsListView.xib in Resources */ = {isa = PBXBuildFile; fileRef = 6A044CAB109545200063FC33 /* FriendsListView.xib */; };
		6A044CB6109545450063FC33 /* FriendsMapViewController.m in Sources */ = {isa = PBXBuildFile; fileRef = 6A044CB4109545450063FC33 /* FriendsMapViewController.m */; };
		6A044CB7109545450063FC33 /* FriendsMapView.xib in Resources */ = {isa = PBXBuildFile; fileRef = 6A044CB5109545450063FC33 /* FriendsMapView.xib */; };
		6A0D9FAF109D97B300F9E1D6 /* UploadGiftViewController.m in Sources */ = {isa = PBXBuildFile; fileRef = 6A0D9FAD109D97B300F9E1D6 /* UploadGiftViewController.m */; };
		6A0D9FB0109D97B300F9E1D6 /* UploadGiftViewController.xib in Resources */ = {isa = PBXBuildFile; fileRef = 6A0D9FAE109D97B300F9E1D6 /* UploadGiftViewController.xib */; };
		6A1526C71096BD7E00924D0E /* FriendsListTableCell.m in Sources */ = {isa = PBXBuildFile; fileRef = 6A1526C61096BD7E00924D0E /* FriendsListTableCell.m */; };
		6A1526C91096BDB300924D0E /* FriendsListTableCellView.xib in Resources */ = {isa = PBXBuildFile; fileRef = 6A1526C81096BDB300924D0E /* FriendsListTableCellView.xib */; };
		6A1527081096C27200924D0E /* temp-icon.png in Resources */ = {isa = PBXBuildFile; fileRef = 6A1527071096C27200924D0E /* temp-icon.png */; };
		6A39EB5C1096584A006F76C3 /* libsqlite3.dylib in Frameworks */ = {isa = PBXBuildFile; fileRef = 6A39EB5B1096584A006F76C3 /* libsqlite3.dylib */; };
		6A39EB6110965868006F76C3 /* CoreLocation.framework in Frameworks */ = {isa = PBXBuildFile; fileRef = 6A39EB6010965868006F76C3 /* CoreLocation.framework */; };
		6A39EB6310965868006F76C3 /* SystemConfiguration.framework in Frameworks */ = {isa = PBXBuildFile; fileRef = 6A39EB6210965868006F76C3 /* SystemConfiguration.framework */; };
		6A39EC4E109662E5006F76C3 /* tmp-header.png in Resources */ = {isa = PBXBuildFile; fileRef = 6A39EC4D109662E5006F76C3 /* tmp-header.png */; };
		6A8AC8F1109AB31400C4FE1B /* ProfileViewController.m in Sources */ = {isa = PBXBuildFile; fileRef = 6A8AC8EF109AB31400C4FE1B /* ProfileViewController.m */; };
		6A8AC8F2109AB31400C4FE1B /* ProfileViewController.xib in Resources */ = {isa = PBXBuildFile; fileRef = 6A8AC8F0109AB31400C4FE1B /* ProfileViewController.xib */; };
		6A8EEE1A10A1227000DC630C /* MapKit.framework in Frameworks */ = {isa = PBXBuildFile; fileRef = 6A8EEE1910A1227000DC630C /* MapKit.framework */; };
		6A8EEEF410A14F0F00DC630C /* MGTwitterEngine.m in Sources */ = {isa = PBXBuildFile; fileRef = 6A8EEEC610A14F0F00DC630C /* MGTwitterEngine.m */; };
		6A8EEEF510A14F0F00DC630C /* MGTwitterHTTPURLConnection.m in Sources */ = {isa = PBXBuildFile; fileRef = 6A8EEEC910A14F0F00DC630C /* MGTwitterHTTPURLConnection.m */; };
		6A8EEEF610A14F0F00DC630C /* MGTwitterLibXMLParser.m in Sources */ = {isa = PBXBuildFile; fileRef = 6A8EEECE10A14F0F00DC630C /* MGTwitterLibXMLParser.m */; };
		6A8EEEF710A14F0F00DC630C /* MGTwitterStatusesLibXMLParser.m in Sources */ = {isa = PBXBuildFile; fileRef = 6A8EEED010A14F0F00DC630C /* MGTwitterStatusesLibXMLParser.m */; };
		6A8EEEF810A14F0F00DC630C /* MGTwitterUsersLibXMLParser.m in Sources */ = {isa = PBXBuildFile; fileRef = 6A8EEED210A14F0F00DC630C /* MGTwitterUsersLibXMLParser.m */; };
		6A8EEEF910A14F0F00DC630C /* MGTwitterMessagesLibXMLParser.m in Sources */ = {isa = PBXBuildFile; fileRef = 6A8EEED410A14F0F00DC630C /* MGTwitterMessagesLibXMLParser.m */; };
		6A8EEEFA10A14F0F00DC630C /* MGTwitterMiscLibXMLParser.m in Sources */ = {isa = PBXBuildFile; fileRef = 6A8EEED610A14F0F00DC630C /* MGTwitterMiscLibXMLParser.m */; };
		6A8EEEFB10A14F0F00DC630C /* MGTwitterXMLParser.m in Sources */ = {isa = PBXBuildFile; fileRef = 6A8EEED910A14F0F00DC630C /* MGTwitterXMLParser.m */; };
		6A8EEEFC10A14F0F00DC630C /* MGTwitterStatusesParser.m in Sources */ = {isa = PBXBuildFile; fileRef = 6A8EEEDB10A14F0F00DC630C /* MGTwitterStatusesParser.m */; };
		6A8EEEFD10A14F0F00DC630C /* MGTwitterUsersParser.m in Sources */ = {isa = PBXBuildFile; fileRef = 6A8EEEDD10A14F0F00DC630C /* MGTwitterUsersParser.m */; };
		6A8EEEFE10A14F0F00DC630C /* MGTwitterMessagesParser.m in Sources */ = {isa = PBXBuildFile; fileRef = 6A8EEEDF10A14F0F00DC630C /* MGTwitterMessagesParser.m */; };
		6A8EEEFF10A14F0F00DC630C /* MGTwitterMiscParser.m in Sources */ = {isa = PBXBuildFile; fileRef = 6A8EEEE110A14F0F00DC630C /* MGTwitterMiscParser.m */; };
		6A8EEF0610A14F0F00DC630C /* NSString+UUID.m in Sources */ = {isa = PBXBuildFile; fileRef = 6A8EEEF110A14F0F00DC630C /* NSString+UUID.m */; };
		6A8EEF0710A14F0F00DC630C /* NSData+Base64.m in Sources */ = {isa = PBXBuildFile; fileRef = 6A8EEEF310A14F0F00DC630C /* NSData+Base64.m */; };
		6A8EEF0B10A14F3F00DC630C /* libxml2.dylib in Frameworks */ = {isa = PBXBuildFile; fileRef = 6A8EEF0A10A14F3F00DC630C /* libxml2.dylib */; };
		6A978A611099FBC000FCE8F1 /* StoreKit.framework in Frameworks */ = {isa = PBXBuildFile; fileRef = 6A978A601099FBC000FCE8F1 /* StoreKit.framework */; };
		6AA76141109BFB1000773563 /* libPMAnalytics-r39.a in Frameworks */ = {isa = PBXBuildFile; fileRef = 6AA76140109BFB1000773563 /* libPMAnalytics-r39.a */; };
		6AA76163109BFC5D00773563 /* tmp-search-bar.png in Resources */ = {isa = PBXBuildFile; fileRef = 6AA76162109BFC5D00773563 /* tmp-search-bar.png */; };
		6ABA7858109BDCAF001E7293 /* PlacesListViewController.m in Sources */ = {isa = PBXBuildFile; fileRef = 6ABA7856109BDCAF001E7293 /* PlacesListViewController.m */; };
		6ABA7859109BDCAF001E7293 /* PlacesListViewController.xib in Sources */ = {isa = PBXBuildFile; fileRef = 6ABA7857109BDCAF001E7293 /* PlacesListViewController.xib */; };
		6ABA785D109BE181001E7293 /* tmp-checkin-shout.png in Resources */ = {isa = PBXBuildFile; fileRef = 6ABA785C109BE181001E7293 /* tmp-checkin-shout.png */; };
		6ABA785F109BE20C001E7293 /* tmp-shout-btn.png in Resources */ = {isa = PBXBuildFile; fileRef = 6ABA785E109BE20C001E7293 /* tmp-shout-btn.png */; };
		6AC7E92C10994FA000776993 /* tmp-title.png in Resources */ = {isa = PBXBuildFile; fileRef = 6AC7E92B10994FA000776993 /* tmp-title.png */; };
		6AC7E93110994FD000776993 /* PlaceDetailViewController.m in Sources */ = {isa = PBXBuildFile; fileRef = 6AC7E92F10994FD000776993 /* PlaceDetailViewController.m */; };
		6AC7E93210994FD000776993 /* PlaceDetailView.xib in Resources */ = {isa = PBXBuildFile; fileRef = 6AC7E93010994FD000776993 /* PlaceDetailView.xib */; };
		6AC7E93B1099519300776993 /* tmp-phone.png in Resources */ = {isa = PBXBuildFile; fileRef = 6AC7E93A1099519300776993 /* tmp-phone.png */; };
		6AC7E9CD10995B2300776993 /* tmp-gift.png in Resources */ = {isa = PBXBuildFile; fileRef = 6AC7E9CC10995B2300776993 /* tmp-gift.png */; };
		6AC7E9CF10995BE700776993 /* tmp-shout.png in Resources */ = {isa = PBXBuildFile; fileRef = 6AC7E9CE10995BE700776993 /* tmp-shout.png */; };
		6AE61217109AB04C008ABF79 /* ProfileView.xib in Resources */ = {isa = PBXBuildFile; fileRef = 6AF96710109AA32700EF665D /* ProfileView.xib */; };
/* End PBXBuildFile section */

/* Begin PBXFileReference section */
		1D30AB110D05D00D00671497 /* Foundation.framework */ = {isa = PBXFileReference; lastKnownFileType = wrapper.framework; name = Foundation.framework; path = System/Library/Frameworks/Foundation.framework; sourceTree = SDKROOT; };
		1D3623240D0F684500981E51 /* KickballAppDelegate.h */ = {isa = PBXFileReference; fileEncoding = 4; lastKnownFileType = sourcecode.c.h; path = KickballAppDelegate.h; sourceTree = "<group>"; };
		1D3623250D0F684500981E51 /* KickballAppDelegate.m */ = {isa = PBXFileReference; fileEncoding = 4; lastKnownFileType = sourcecode.c.objc; path = KickballAppDelegate.m; sourceTree = "<group>"; };
		1D6058910D05DD3D006BFB54 /* Kickball.app */ = {isa = PBXFileReference; explicitFileType = wrapper.application; includeInIndex = 0; path = Kickball.app; sourceTree = BUILT_PRODUCTS_DIR; };
		1DF5F4DF0D08C38300B7A737 /* UIKit.framework */ = {isa = PBXFileReference; lastKnownFileType = wrapper.framework; name = UIKit.framework; path = System/Library/Frameworks/UIKit.framework; sourceTree = SDKROOT; };
		288765A40DF7441C002DB57D /* CoreGraphics.framework */ = {isa = PBXFileReference; lastKnownFileType = wrapper.framework; name = CoreGraphics.framework; path = System/Library/Frameworks/CoreGraphics.framework; sourceTree = SDKROOT; };
		28AD733E0D9D9553002E5188 /* MainWindow.xib */ = {isa = PBXFileReference; lastKnownFileType = file.xib; path = MainWindow.xib; sourceTree = "<group>"; };
		29B97316FDCFA39411CA2CEA /* main.m */ = {isa = PBXFileReference; fileEncoding = 4; lastKnownFileType = sourcecode.c.objc; path = main.m; sourceTree = "<group>"; };
		32CA4F630368D1EE00C91783 /* Kickball_Prefix.pch */ = {isa = PBXFileReference; fileEncoding = 4; lastKnownFileType = sourcecode.c.h; path = Kickball_Prefix.pch; sourceTree = "<group>"; };
		6A044CA9109545200063FC33 /* FriendsListViewController.h */ = {isa = PBXFileReference; fileEncoding = 4; lastKnownFileType = sourcecode.c.h; path = FriendsListViewController.h; sourceTree = "<group>"; };
		6A044CAA109545200063FC33 /* FriendsListViewController.m */ = {isa = PBXFileReference; fileEncoding = 4; lastKnownFileType = sourcecode.c.objc; path = FriendsListViewController.m; sourceTree = "<group>"; };
		6A044CAB109545200063FC33 /* FriendsListView.xib */ = {isa = PBXFileReference; lastKnownFileType = file.xib; name = FriendsListView.xib; path = Classes/FriendsListView.xib; sourceTree = "<group>"; };
		6A044CB3109545450063FC33 /* FriendsMapViewController.h */ = {isa = PBXFileReference; fileEncoding = 4; lastKnownFileType = sourcecode.c.h; path = FriendsMapViewController.h; sourceTree = "<group>"; };
		6A044CB4109545450063FC33 /* FriendsMapViewController.m */ = {isa = PBXFileReference; fileEncoding = 4; lastKnownFileType = sourcecode.c.objc; path = FriendsMapViewController.m; sourceTree = "<group>"; };
		6A044CB5109545450063FC33 /* FriendsMapView.xib */ = {isa = PBXFileReference; lastKnownFileType = file.xib; name = FriendsMapView.xib; path = Classes/FriendsMapView.xib; sourceTree = "<group>"; };
		6A0D9FAC109D97B300F9E1D6 /* UploadGiftViewController.h */ = {isa = PBXFileReference; fileEncoding = 4; lastKnownFileType = sourcecode.c.h; path = UploadGiftViewController.h; sourceTree = "<group>"; };
		6A0D9FAD109D97B300F9E1D6 /* UploadGiftViewController.m */ = {isa = PBXFileReference; fileEncoding = 4; lastKnownFileType = sourcecode.c.objc; path = UploadGiftViewController.m; sourceTree = "<group>"; };
		6A0D9FAE109D97B300F9E1D6 /* UploadGiftViewController.xib */ = {isa = PBXFileReference; lastKnownFileType = file.xib; name = UploadGiftViewController.xib; path = Classes/UploadGiftViewController.xib; sourceTree = "<group>"; };
		6A1526C51096BD7E00924D0E /* FriendsListTableCell.h */ = {isa = PBXFileReference; fileEncoding = 4; lastKnownFileType = sourcecode.c.h; path = FriendsListTableCell.h; sourceTree = "<group>"; };
		6A1526C61096BD7E00924D0E /* FriendsListTableCell.m */ = {isa = PBXFileReference; fileEncoding = 4; lastKnownFileType = sourcecode.c.objc; path = FriendsListTableCell.m; sourceTree = "<group>"; };
		6A1526C81096BDB300924D0E /* FriendsListTableCellView.xib */ = {isa = PBXFileReference; lastKnownFileType = file.xib; path = FriendsListTableCellView.xib; sourceTree = "<group>"; };
		6A1527071096C27200924D0E /* temp-icon.png */ = {isa = PBXFileReference; lastKnownFileType = image.png; path = "temp-icon.png"; sourceTree = "<group>"; };
		6A39EB4310965675006F76C3 /* Beacon.h */ = {isa = PBXFileReference; fileEncoding = 4; lastKnownFileType = sourcecode.c.h; path = Beacon.h; sourceTree = "<group>"; };
		6A39EB4410965675006F76C3 /* Beacon+FBConnect.h */ = {isa = PBXFileReference; fileEncoding = 4; lastKnownFileType = sourcecode.c.h; path = "Beacon+FBConnect.h"; sourceTree = "<group>"; };
		6A39EB5B1096584A006F76C3 /* libsqlite3.dylib */ = {isa = PBXFileReference; lastKnownFileType = "compiled.mach-o.dylib"; name = libsqlite3.dylib; path = /usr/lib/libsqlite3.dylib; sourceTree = "<absolute>"; };
		6A39EB6010965868006F76C3 /* CoreLocation.framework */ = {isa = PBXFileReference; lastKnownFileType = wrapper.framework; name = CoreLocation.framework; path = /System/Library/Frameworks/CoreLocation.framework; sourceTree = "<absolute>"; };
		6A39EB6210965868006F76C3 /* SystemConfiguration.framework */ = {isa = PBXFileReference; lastKnownFileType = wrapper.framework; name = SystemConfiguration.framework; path = /System/Library/Frameworks/SystemConfiguration.framework; sourceTree = "<absolute>"; };
		6A39EC4D109662E5006F76C3 /* tmp-header.png */ = {isa = PBXFileReference; lastKnownFileType = image.png; path = "tmp-header.png"; sourceTree = "<group>"; };
		6A8AC8EE109AB31400C4FE1B /* ProfileViewController.h */ = {isa = PBXFileReference; fileEncoding = 4; lastKnownFileType = sourcecode.c.h; path = ProfileViewController.h; sourceTree = "<group>"; };
		6A8AC8EF109AB31400C4FE1B /* ProfileViewController.m */ = {isa = PBXFileReference; fileEncoding = 4; lastKnownFileType = sourcecode.c.objc; path = ProfileViewController.m; sourceTree = "<group>"; };
		6A8AC8F0109AB31400C4FE1B /* ProfileViewController.xib */ = {isa = PBXFileReference; fileEncoding = 4; lastKnownFileType = file.xib; name = ProfileViewController.xib; path = Classes/ProfileViewController.xib; sourceTree = "<group>"; };
		6A8EEE1910A1227000DC630C /* MapKit.framework */ = {isa = PBXFileReference; lastKnownFileType = wrapper.framework; name = MapKit.framework; path = System/Library/Frameworks/MapKit.framework; sourceTree = SDKROOT; };
		6A8EEEC410A14F0F00DC630C /* MGTwitterEngineGlobalHeader.h */ = {isa = PBXFileReference; fileEncoding = 4; lastKnownFileType = sourcecode.c.h; path = MGTwitterEngineGlobalHeader.h; sourceTree = "<group>"; };
		6A8EEEC510A14F0F00DC630C /* MGTwitterEngine.h */ = {isa = PBXFileReference; fileEncoding = 4; lastKnownFileType = sourcecode.c.h; path = MGTwitterEngine.h; sourceTree = "<group>"; };
		6A8EEEC610A14F0F00DC630C /* MGTwitterEngine.m */ = {isa = PBXFileReference; fileEncoding = 4; lastKnownFileType = sourcecode.c.objc; path = MGTwitterEngine.m; sourceTree = "<group>"; };
		6A8EEEC710A14F0F00DC630C /* MGTwitterEngineDelegate.h */ = {isa = PBXFileReference; fileEncoding = 4; lastKnownFileType = sourcecode.c.h; path = MGTwitterEngineDelegate.h; sourceTree = "<group>"; };
		6A8EEEC810A14F0F00DC630C /* MGTwitterHTTPURLConnection.h */ = {isa = PBXFileReference; fileEncoding = 4; lastKnownFileType = sourcecode.c.h; path = MGTwitterHTTPURLConnection.h; sourceTree = "<group>"; };
		6A8EEEC910A14F0F00DC630C /* MGTwitterHTTPURLConnection.m */ = {isa = PBXFileReference; fileEncoding = 4; lastKnownFileType = sourcecode.c.objc; path = MGTwitterHTTPURLConnection.m; sourceTree = "<group>"; };
		6A8EEECA10A14F0F00DC630C /* MGTwitterRequestTypes.h */ = {isa = PBXFileReference; fileEncoding = 4; lastKnownFileType = sourcecode.c.h; path = MGTwitterRequestTypes.h; sourceTree = "<group>"; };
		6A8EEECB10A14F0F00DC630C /* MGTwitterParserDelegate.h */ = {isa = PBXFileReference; fileEncoding = 4; lastKnownFileType = sourcecode.c.h; path = MGTwitterParserDelegate.h; sourceTree = "<group>"; };
		6A8EEECD10A14F0F00DC630C /* MGTwitterLibXMLParser.h */ = {isa = PBXFileReference; fileEncoding = 4; lastKnownFileType = sourcecode.c.h; path = MGTwitterLibXMLParser.h; sourceTree = "<group>"; };
		6A8EEECE10A14F0F00DC630C /* MGTwitterLibXMLParser.m */ = {isa = PBXFileReference; fileEncoding = 4; lastKnownFileType = sourcecode.c.objc; path = MGTwitterLibXMLParser.m; sourceTree = "<group>"; };
		6A8EEECF10A14F0F00DC630C /* MGTwitterStatusesLibXMLParser.h */ = {isa = PBXFileReference; fileEncoding = 4; lastKnownFileType = sourcecode.c.h; path = MGTwitterStatusesLibXMLParser.h; sourceTree = "<group>"; };
		6A8EEED010A14F0F00DC630C /* MGTwitterStatusesLibXMLParser.m */ = {isa = PBXFileReference; fileEncoding = 4; lastKnownFileType = sourcecode.c.objc; path = MGTwitterStatusesLibXMLParser.m; sourceTree = "<group>"; };
		6A8EEED110A14F0F00DC630C /* MGTwitterUsersLibXMLParser.h */ = {isa = PBXFileReference; fileEncoding = 4; lastKnownFileType = sourcecode.c.h; path = MGTwitterUsersLibXMLParser.h; sourceTree = "<group>"; };
		6A8EEED210A14F0F00DC630C /* MGTwitterUsersLibXMLParser.m */ = {isa = PBXFileReference; fileEncoding = 4; lastKnownFileType = sourcecode.c.objc; path = MGTwitterUsersLibXMLParser.m; sourceTree = "<group>"; };
		6A8EEED310A14F0F00DC630C /* MGTwitterMessagesLibXMLParser.h */ = {isa = PBXFileReference; fileEncoding = 4; lastKnownFileType = sourcecode.c.h; path = MGTwitterMessagesLibXMLParser.h; sourceTree = "<group>"; };
		6A8EEED410A14F0F00DC630C /* MGTwitterMessagesLibXMLParser.m */ = {isa = PBXFileReference; fileEncoding = 4; lastKnownFileType = sourcecode.c.objc; path = MGTwitterMessagesLibXMLParser.m; sourceTree = "<group>"; };
		6A8EEED510A14F0F00DC630C /* MGTwitterMiscLibXMLParser.h */ = {isa = PBXFileReference; fileEncoding = 4; lastKnownFileType = sourcecode.c.h; path = MGTwitterMiscLibXMLParser.h; sourceTree = "<group>"; };
		6A8EEED610A14F0F00DC630C /* MGTwitterMiscLibXMLParser.m */ = {isa = PBXFileReference; fileEncoding = 4; lastKnownFileType = sourcecode.c.objc; path = MGTwitterMiscLibXMLParser.m; sourceTree = "<group>"; };
		6A8EEED810A14F0F00DC630C /* MGTwitterXMLParser.h */ = {isa = PBXFileReference; fileEncoding = 4; lastKnownFileType = sourcecode.c.h; path = MGTwitterXMLParser.h; sourceTree = "<group>"; };
		6A8EEED910A14F0F00DC630C /* MGTwitterXMLParser.m */ = {isa = PBXFileReference; fileEncoding = 4; lastKnownFileType = sourcecode.c.objc; path = MGTwitterXMLParser.m; sourceTree = "<group>"; };
		6A8EEEDA10A14F0F00DC630C /* MGTwitterStatusesParser.h */ = {isa = PBXFileReference; fileEncoding = 4; lastKnownFileType = sourcecode.c.h; path = MGTwitterStatusesParser.h; sourceTree = "<group>"; };
		6A8EEEDB10A14F0F00DC630C /* MGTwitterStatusesParser.m */ = {isa = PBXFileReference; fileEncoding = 4; lastKnownFileType = sourcecode.c.objc; path = MGTwitterStatusesParser.m; sourceTree = "<group>"; };
		6A8EEEDC10A14F0F00DC630C /* MGTwitterUsersParser.h */ = {isa = PBXFileReference; fileEncoding = 4; lastKnownFileType = sourcecode.c.h; path = MGTwitterUsersParser.h; sourceTree = "<group>"; };
		6A8EEEDD10A14F0F00DC630C /* MGTwitterUsersParser.m */ = {isa = PBXFileReference; fileEncoding = 4; lastKnownFileType = sourcecode.c.objc; path = MGTwitterUsersParser.m; sourceTree = "<group>"; };
		6A8EEEDE10A14F0F00DC630C /* MGTwitterMessagesParser.h */ = {isa = PBXFileReference; fileEncoding = 4; lastKnownFileType = sourcecode.c.h; path = MGTwitterMessagesParser.h; sourceTree = "<group>"; };
		6A8EEEDF10A14F0F00DC630C /* MGTwitterMessagesParser.m */ = {isa = PBXFileReference; fileEncoding = 4; lastKnownFileType = sourcecode.c.objc; path = MGTwitterMessagesParser.m; sourceTree = "<group>"; };
		6A8EEEE010A14F0F00DC630C /* MGTwitterMiscParser.h */ = {isa = PBXFileReference; fileEncoding = 4; lastKnownFileType = sourcecode.c.h; path = MGTwitterMiscParser.h; sourceTree = "<group>"; };
		6A8EEEE110A14F0F00DC630C /* MGTwitterMiscParser.m */ = {isa = PBXFileReference; fileEncoding = 4; lastKnownFileType = sourcecode.c.objc; path = MGTwitterMiscParser.m; sourceTree = "<group>"; };
		6A8EEEF010A14F0F00DC630C /* NSString+UUID.h */ = {isa = PBXFileReference; fileEncoding = 4; lastKnownFileType = sourcecode.c.h; path = "NSString+UUID.h"; sourceTree = "<group>"; };
		6A8EEEF110A14F0F00DC630C /* NSString+UUID.m */ = {isa = PBXFileReference; fileEncoding = 4; lastKnownFileType = sourcecode.c.objc; path = "NSString+UUID.m"; sourceTree = "<group>"; };
		6A8EEEF210A14F0F00DC630C /* NSData+Base64.h */ = {isa = PBXFileReference; fileEncoding = 4; lastKnownFileType = sourcecode.c.h; path = "NSData+Base64.h"; sourceTree = "<group>"; };
		6A8EEEF310A14F0F00DC630C /* NSData+Base64.m */ = {isa = PBXFileReference; fileEncoding = 4; lastKnownFileType = sourcecode.c.objc; path = "NSData+Base64.m"; sourceTree = "<group>"; };
		6A8EEF0A10A14F3F00DC630C /* libxml2.dylib */ = {isa = PBXFileReference; lastKnownFileType = "compiled.mach-o.dylib"; name = libxml2.dylib; path = usr/lib/libxml2.dylib; sourceTree = SDKROOT; };
		6A978A601099FBC000FCE8F1 /* StoreKit.framework */ = {isa = PBXFileReference; lastKnownFileType = wrapper.framework; name = StoreKit.framework; path = System/Library/Frameworks/StoreKit.framework; sourceTree = SDKROOT; };
		6AA76140109BFB1000773563 /* libPMAnalytics-r39.a */ = {isa = PBXFileReference; lastKnownFileType = archive.ar; name = "libPMAnalytics-r39.a"; path = "/Users/shawnbernard/Documents/projects/BoomboxPro/Classes/libPMAnalytics-r39.a"; sourceTree = "<absolute>"; };
		6AA76162109BFC5D00773563 /* tmp-search-bar.png */ = {isa = PBXFileReference; lastKnownFileType = image.png; path = "tmp-search-bar.png"; sourceTree = "<group>"; };
		6ABA7855109BDCAF001E7293 /* PlacesListViewController.h */ = {isa = PBXFileReference; fileEncoding = 4; lastKnownFileType = sourcecode.c.h; path = PlacesListViewController.h; sourceTree = "<group>"; };
		6ABA7856109BDCAF001E7293 /* PlacesListViewController.m */ = {isa = PBXFileReference; fileEncoding = 4; lastKnownFileType = sourcecode.c.objc; path = PlacesListViewController.m; sourceTree = "<group>"; };
		6ABA7857109BDCAF001E7293 /* PlacesListViewController.xib */ = {isa = PBXFileReference; fileEncoding = 4; lastKnownFileType = file.xib; name = PlacesListViewController.xib; path = Classes/PlacesListViewController.xib; sourceTree = "<group>"; };
		6ABA785C109BE181001E7293 /* tmp-checkin-shout.png */ = {isa = PBXFileReference; lastKnownFileType = image.png; path = "tmp-checkin-shout.png"; sourceTree = "<group>"; };
		6ABA785E109BE20C001E7293 /* tmp-shout-btn.png */ = {isa = PBXFileReference; lastKnownFileType = image.png; path = "tmp-shout-btn.png"; sourceTree = "<group>"; };
		6AC7E92B10994FA000776993 /* tmp-title.png */ = {isa = PBXFileReference; lastKnownFileType = image.png; path = "tmp-title.png"; sourceTree = "<group>"; };
		6AC7E92E10994FD000776993 /* PlaceDetailViewController.h */ = {isa = PBXFileReference; fileEncoding = 4; lastKnownFileType = sourcecode.c.h; path = PlaceDetailViewController.h; sourceTree = "<group>"; };
		6AC7E92F10994FD000776993 /* PlaceDetailViewController.m */ = {isa = PBXFileReference; fileEncoding = 4; lastKnownFileType = sourcecode.c.objc; path = PlaceDetailViewController.m; sourceTree = "<group>"; };
		6AC7E93010994FD000776993 /* PlaceDetailView.xib */ = {isa = PBXFileReference; lastKnownFileType = file.xib; name = PlaceDetailView.xib; path = Classes/PlaceDetailView.xib; sourceTree = "<group>"; };
		6AC7E93A1099519300776993 /* tmp-phone.png */ = {isa = PBXFileReference; lastKnownFileType = image.png; path = "tmp-phone.png"; sourceTree = "<group>"; };
		6AC7E9CC10995B2300776993 /* tmp-gift.png */ = {isa = PBXFileReference; lastKnownFileType = image.png; path = "tmp-gift.png"; sourceTree = "<group>"; };
		6AC7E9CE10995BE700776993 /* tmp-shout.png */ = {isa = PBXFileReference; lastKnownFileType = image.png; path = "tmp-shout.png"; sourceTree = "<group>"; };
		6AE611A3109AA462008ABF79 /* ProfileMainTableCellView.xib */ = {isa = PBXFileReference; fileEncoding = 4; lastKnownFileType = file.xib; path = ProfileMainTableCellView.xib; sourceTree = "<group>"; };
		6AF96710109AA32700EF665D /* ProfileView.xib */ = {isa = PBXFileReference; fileEncoding = 4; lastKnownFileType = file.xib; name = ProfileView.xib; path = Classes/ProfileView.xib; sourceTree = "<group>"; };
		8D1107310486CEB800E47090 /* Kickball-Info.plist */ = {isa = PBXFileReference; fileEncoding = 4; lastKnownFileType = text.plist.xml; path = "Kickball-Info.plist"; plistStructureDefinitionIdentifier = "com.apple.xcode.plist.structure-definition.iphone.info-plist"; sourceTree = "<group>"; };
/* End PBXFileReference section */

/* Begin PBXFrameworksBuildPhase section */
		1D60588F0D05DD3D006BFB54 /* Frameworks */ = {
			isa = PBXFrameworksBuildPhase;
			buildActionMask = 2147483647;
			files = (
				1D60589F0D05DD5A006BFB54 /* Foundation.framework in Frameworks */,
				1DF5F4E00D08C38300B7A737 /* UIKit.framework in Frameworks */,
				288765A50DF7441C002DB57D /* CoreGraphics.framework in Frameworks */,
				6A39EB5C1096584A006F76C3 /* libsqlite3.dylib in Frameworks */,
				6A39EB6110965868006F76C3 /* CoreLocation.framework in Frameworks */,
				6A39EB6310965868006F76C3 /* SystemConfiguration.framework in Frameworks */,
				6A978A611099FBC000FCE8F1 /* StoreKit.framework in Frameworks */,
				6AA76141109BFB1000773563 /* libPMAnalytics-r39.a in Frameworks */,
				6A8EEE1A10A1227000DC630C /* MapKit.framework in Frameworks */,
				6A8EEF0B10A14F3F00DC630C /* libxml2.dylib in Frameworks */,
			);
			runOnlyForDeploymentPostprocessing = 0;
		};
/* End PBXFrameworksBuildPhase section */

/* Begin PBXGroup section */
		080E96DDFE201D6D7F000001 /* Classes */ = {
			isa = PBXGroup;
			children = (
				6A8EEEC110A14ED200DC630C /* MGTwitterEngine */,
				6A0D9FAB109D97A200F9E1D6 /* Gift */,
				6A39EB3E10965666006F76C3 /* Pinch */,
				6AF9670D109AA2FE00EF665D /* Profile */,
				6AC7E92D10994FB500776993 /* Place */,
				6A044CB8109545580063FC33 /* Friends */,
				1D3623240D0F684500981E51 /* KickballAppDelegate.h */,
				1D3623250D0F684500981E51 /* KickballAppDelegate.m */,
			);
			path = Classes;
			sourceTree = "<group>";
		};
		19C28FACFE9D520D11CA2CBB /* Products */ = {
			isa = PBXGroup;
			children = (
				1D6058910D05DD3D006BFB54 /* Kickball.app */,
			);
			name = Products;
			sourceTree = "<group>";
		};
		29B97314FDCFA39411CA2CEA /* CustomTemplate */ = {
			isa = PBXGroup;
			children = (
				080E96DDFE201D6D7F000001 /* Classes */,
				29B97315FDCFA39411CA2CEA /* Other Sources */,
				29B97317FDCFA39411CA2CEA /* Resources */,
				29B97323FDCFA39411CA2CEA /* Frameworks */,
				19C28FACFE9D520D11CA2CBB /* Products */,
			);
			name = CustomTemplate;
			sourceTree = "<group>";
		};
		29B97315FDCFA39411CA2CEA /* Other Sources */ = {
			isa = PBXGroup;
			children = (
				32CA4F630368D1EE00C91783 /* Kickball_Prefix.pch */,
				29B97316FDCFA39411CA2CEA /* main.m */,
			);
			name = "Other Sources";
			sourceTree = "<group>";
		};
		29B97317FDCFA39411CA2CEA /* Resources */ = {
			isa = PBXGroup;
			children = (
				6A39EC4B109662D3006F76C3 /* images */,
				28AD733E0D9D9553002E5188 /* MainWindow.xib */,
				6A044CAB109545200063FC33 /* FriendsListView.xib */,
				6A044CB5109545450063FC33 /* FriendsMapView.xib */,
				6AC7E93010994FD000776993 /* PlaceDetailView.xib */,
				6AF96710109AA32700EF665D /* ProfileView.xib */,
				8D1107310486CEB800E47090 /* Kickball-Info.plist */,
				6A0D9FAE109D97B300F9E1D6 /* UploadGiftViewController.xib */,
				6A8AC8F0109AB31400C4FE1B /* ProfileViewController.xib */,
				6ABA7857109BDCAF001E7293 /* PlacesListViewController.xib */,
				6A1526C81096BDB300924D0E /* FriendsListTableCellView.xib */,
				6AE611A3109AA462008ABF79 /* ProfileMainTableCellView.xib */,
			);
			name = Resources;
			sourceTree = "<group>";
		};
		29B97323FDCFA39411CA2CEA /* Frameworks */ = {
			isa = PBXGroup;
			children = (
				6A978A601099FBC000FCE8F1 /* StoreKit.framework */,
				1DF5F4DF0D08C38300B7A737 /* UIKit.framework */,
				1D30AB110D05D00D00671497 /* Foundation.framework */,
				288765A40DF7441C002DB57D /* CoreGraphics.framework */,
				6A39EB6010965868006F76C3 /* CoreLocation.framework */,
				6A39EB6210965868006F76C3 /* SystemConfiguration.framework */,
				6A39EB5B1096584A006F76C3 /* libsqlite3.dylib */,
				6A8EEE1910A1227000DC630C /* MapKit.framework */,
				6A8EEF0A10A14F3F00DC630C /* libxml2.dylib */,
				6AA76140109BFB1000773563 /* libPMAnalytics-r39.a */,
			);
			name = Frameworks;
			sourceTree = "<group>";
		};
		6A044CB8109545580063FC33 /* Friends */ = {
			isa = PBXGroup;
			children = (
				6A044CA9109545200063FC33 /* FriendsListViewController.h */,
				6A044CAA109545200063FC33 /* FriendsListViewController.m */,
				6A044CB3109545450063FC33 /* FriendsMapViewController.h */,
				6A044CB4109545450063FC33 /* FriendsMapViewController.m */,
				6A1526C51096BD7E00924D0E /* FriendsListTableCell.h */,
				6A1526C61096BD7E00924D0E /* FriendsListTableCell.m */,
			);
			name = Friends;
			sourceTree = "<group>";
		};
		6A0D9FAB109D97A200F9E1D6 /* Gift */ = {
			isa = PBXGroup;
			children = (
				6A0D9FAC109D97B300F9E1D6 /* UploadGiftViewController.h */,
				6A0D9FAD109D97B300F9E1D6 /* UploadGiftViewController.m */,
			);
			name = Gift;
			sourceTree = "<group>";
		};
		6A39EB3E10965666006F76C3 /* Pinch */ = {
			isa = PBXGroup;
			children = (
				6A39EB4310965675006F76C3 /* Beacon.h */,
				6A39EB4410965675006F76C3 /* Beacon+FBConnect.h */,
			);
			name = Pinch;
			sourceTree = "<group>";
		};
		6A39EC4B109662D3006F76C3 /* images */ = {
			isa = PBXGroup;
			children = (
				6A39EC4C109662D7006F76C3 /* temp */,
			);
			name = images;
			sourceTree = "<group>";
		};
		6A39EC4C109662D7006F76C3 /* temp */ = {
			isa = PBXGroup;
			children = (
				6AA76162109BFC5D00773563 /* tmp-search-bar.png */,
				6ABA785E109BE20C001E7293 /* tmp-shout-btn.png */,
				6ABA785C109BE181001E7293 /* tmp-checkin-shout.png */,
				6AC7E9CE10995BE700776993 /* tmp-shout.png */,
				6AC7E9CC10995B2300776993 /* tmp-gift.png */,
				6AC7E93A1099519300776993 /* tmp-phone.png */,
				6AC7E92B10994FA000776993 /* tmp-title.png */,
				6A1527071096C27200924D0E /* temp-icon.png */,
				6A39EC4D109662E5006F76C3 /* tmp-header.png */,
			);
			name = temp;
			sourceTree = "<group>";
		};
		6A8EEEC110A14ED200DC630C /* MGTwitterEngine */ = {
			isa = PBXGroup;
			children = (
				6A8EEEEF10A14F0F00DC630C /* Categories */,
				6A8EEED710A14F0F00DC630C /* Twitter NSXML Parsers */,
				6A8EEECC10A14F0F00DC630C /* Twitter LibXML Parsers */,
				6A8EEEC410A14F0F00DC630C /* MGTwitterEngineGlobalHeader.h */,
				6A8EEEC510A14F0F00DC630C /* MGTwitterEngine.h */,
				6A8EEEC610A14F0F00DC630C /* MGTwitterEngine.m */,
				6A8EEEC710A14F0F00DC630C /* MGTwitterEngineDelegate.h */,
				6A8EEEC810A14F0F00DC630C /* MGTwitterHTTPURLConnection.h */,
				6A8EEEC910A14F0F00DC630C /* MGTwitterHTTPURLConnection.m */,
				6A8EEECA10A14F0F00DC630C /* MGTwitterRequestTypes.h */,
				6A8EEECB10A14F0F00DC630C /* MGTwitterParserDelegate.h */,
			);
			name = MGTwitterEngine;
			sourceTree = "<group>";
		};
		6A8EEECC10A14F0F00DC630C /* Twitter LibXML Parsers */ = {
			isa = PBXGroup;
			children = (
				6A8EEECD10A14F0F00DC630C /* MGTwitterLibXMLParser.h */,
				6A8EEECE10A14F0F00DC630C /* MGTwitterLibXMLParser.m */,
				6A8EEECF10A14F0F00DC630C /* MGTwitterStatusesLibXMLParser.h */,
				6A8EEED010A14F0F00DC630C /* MGTwitterStatusesLibXMLParser.m */,
				6A8EEED110A14F0F00DC630C /* MGTwitterUsersLibXMLParser.h */,
				6A8EEED210A14F0F00DC630C /* MGTwitterUsersLibXMLParser.m */,
				6A8EEED310A14F0F00DC630C /* MGTwitterMessagesLibXMLParser.h */,
				6A8EEED410A14F0F00DC630C /* MGTwitterMessagesLibXMLParser.m */,
				6A8EEED510A14F0F00DC630C /* MGTwitterMiscLibXMLParser.h */,
				6A8EEED610A14F0F00DC630C /* MGTwitterMiscLibXMLParser.m */,
			);
			name = "Twitter LibXML Parsers";
			sourceTree = "<group>";
		};
		6A8EEED710A14F0F00DC630C /* Twitter NSXML Parsers */ = {
			isa = PBXGroup;
			children = (
				6A8EEED810A14F0F00DC630C /* MGTwitterXMLParser.h */,
				6A8EEED910A14F0F00DC630C /* MGTwitterXMLParser.m */,
				6A8EEEDA10A14F0F00DC630C /* MGTwitterStatusesParser.h */,
				6A8EEEDB10A14F0F00DC630C /* MGTwitterStatusesParser.m */,
				6A8EEEDC10A14F0F00DC630C /* MGTwitterUsersParser.h */,
				6A8EEEDD10A14F0F00DC630C /* MGTwitterUsersParser.m */,
				6A8EEEDE10A14F0F00DC630C /* MGTwitterMessagesParser.h */,
				6A8EEEDF10A14F0F00DC630C /* MGTwitterMessagesParser.m */,
				6A8EEEE010A14F0F00DC630C /* MGTwitterMiscParser.h */,
				6A8EEEE110A14F0F00DC630C /* MGTwitterMiscParser.m */,
			);
			name = "Twitter NSXML Parsers";
			sourceTree = "<group>";
		};
		6A8EEEEF10A14F0F00DC630C /* Categories */ = {
			isa = PBXGroup;
			children = (
				6A8EEEF010A14F0F00DC630C /* NSString+UUID.h */,
				6A8EEEF110A14F0F00DC630C /* NSString+UUID.m */,
				6A8EEEF210A14F0F00DC630C /* NSData+Base64.h */,
				6A8EEEF310A14F0F00DC630C /* NSData+Base64.m */,
			);
			name = Categories;
			sourceTree = "<group>";
		};
		6AC7E92D10994FB500776993 /* Place */ = {
			isa = PBXGroup;
			children = (
				6AC7E92E10994FD000776993 /* PlaceDetailViewController.h */,
				6AC7E92F10994FD000776993 /* PlaceDetailViewController.m */,
				6ABA7855109BDCAF001E7293 /* PlacesListViewController.h */,
				6ABA7856109BDCAF001E7293 /* PlacesListViewController.m */,
			);
			name = Place;
			sourceTree = "<group>";
		};
		6AF9670D109AA2FE00EF665D /* Profile */ = {
			isa = PBXGroup;
			children = (
				6A8AC8EE109AB31400C4FE1B /* ProfileViewController.h */,
				6A8AC8EF109AB31400C4FE1B /* ProfileViewController.m */,
			);
			name = Profile;
			sourceTree = "<group>";
		};
/* End PBXGroup section */

/* Begin PBXNativeTarget section */
		1D6058900D05DD3D006BFB54 /* Kickball */ = {
			isa = PBXNativeTarget;
			buildConfigurationList = 1D6058960D05DD3E006BFB54 /* Build configuration list for PBXNativeTarget "Kickball" */;
			buildPhases = (
				1D60588D0D05DD3D006BFB54 /* Resources */,
				1D60588E0D05DD3D006BFB54 /* Sources */,
				1D60588F0D05DD3D006BFB54 /* Frameworks */,
			);
			buildRules = (
			);
			dependencies = (
			);
			name = Kickball;
			productName = Kickball;
			productReference = 1D6058910D05DD3D006BFB54 /* Kickball.app */;
			productType = "com.apple.product-type.application";
		};
/* End PBXNativeTarget section */

/* Begin PBXProject section */
		29B97313FDCFA39411CA2CEA /* Project object */ = {
			isa = PBXProject;
			buildConfigurationList = C01FCF4E08A954540054247B /* Build configuration list for PBXProject "Kickball" */;
			compatibilityVersion = "Xcode 3.1";
			hasScannedForEncodings = 1;
			mainGroup = 29B97314FDCFA39411CA2CEA /* CustomTemplate */;
			projectDirPath = "";
			projectRoot = "";
			targets = (
				1D6058900D05DD3D006BFB54 /* Kickball */,
			);
		};
/* End PBXProject section */

/* Begin PBXResourcesBuildPhase section */
		1D60588D0D05DD3D006BFB54 /* Resources */ = {
			isa = PBXResourcesBuildPhase;
			buildActionMask = 2147483647;
			files = (
				28AD733F0D9D9553002E5188 /* MainWindow.xib in Resources */,
				6A044CAD109545200063FC33 /* FriendsListView.xib in Resources */,
				6A044CB7109545450063FC33 /* FriendsMapView.xib in Resources */,
				6AE61217109AB04C008ABF79 /* ProfileView.xib in Resources */,
				6A1526C91096BDB300924D0E /* FriendsListTableCellView.xib in Resources */,
				6AC7E93210994FD000776993 /* PlaceDetailView.xib in Resources */,
				6A39EC4E109662E5006F76C3 /* tmp-header.png in Resources */,
				6A1527081096C27200924D0E /* temp-icon.png in Resources */,
				6AC7E92C10994FA000776993 /* tmp-title.png in Resources */,
				6AC7E93B1099519300776993 /* tmp-phone.png in Resources */,
				6A8AC8F2109AB31400C4FE1B /* ProfileViewController.xib in Resources */,
				6AC7E9CD10995B2300776993 /* tmp-gift.png in Resources */,
				6AC7E9CF10995BE700776993 /* tmp-shout.png in Resources */,
				6ABA785D109BE181001E7293 /* tmp-checkin-shout.png in Resources */,
				6ABA785F109BE20C001E7293 /* tmp-shout-btn.png in Resources */,
				6AA76163109BFC5D00773563 /* tmp-search-bar.png in Resources */,
				6A0D9FB0109D97B300F9E1D6 /* UploadGiftViewController.xib in Resources */,
			);
			runOnlyForDeploymentPostprocessing = 0;
		};
/* End PBXResourcesBuildPhase section */

/* Begin PBXSourcesBuildPhase section */
		1D60588E0D05DD3D006BFB54 /* Sources */ = {
			isa = PBXSourcesBuildPhase;
			buildActionMask = 2147483647;
			files = (
				1D60589B0D05DD56006BFB54 /* main.m in Sources */,
				1D3623260D0F684500981E51 /* KickballAppDelegate.m in Sources */,
				6A044CAC109545200063FC33 /* FriendsListViewController.m in Sources */,
				6A044CB6109545450063FC33 /* FriendsMapViewController.m in Sources */,
				6A1526C71096BD7E00924D0E /* FriendsListTableCell.m in Sources */,
				6AC7E93110994FD000776993 /* PlaceDetailViewController.m in Sources */,
				6A8AC8F1109AB31400C4FE1B /* ProfileViewController.m in Sources */,
				6ABA7858109BDCAF001E7293 /* PlacesListViewController.m in Sources */,
				6ABA7859109BDCAF001E7293 /* PlacesListViewController.xib in Sources */,
				6A0D9FAF109D97B300F9E1D6 /* UploadGiftViewController.m in Sources */,
				6A8EEEF410A14F0F00DC630C /* MGTwitterEngine.m in Sources */,
				6A8EEEF510A14F0F00DC630C /* MGTwitterHTTPURLConnection.m in Sources */,
				6A8EEEF610A14F0F00DC630C /* MGTwitterLibXMLParser.m in Sources */,
				6A8EEEF710A14F0F00DC630C /* MGTwitterStatusesLibXMLParser.m in Sources */,
				6A8EEEF810A14F0F00DC630C /* MGTwitterUsersLibXMLParser.m in Sources */,
				6A8EEEF910A14F0F00DC630C /* MGTwitterMessagesLibXMLParser.m in Sources */,
				6A8EEEFA10A14F0F00DC630C /* MGTwitterMiscLibXMLParser.m in Sources */,
				6A8EEEFB10A14F0F00DC630C /* MGTwitterXMLParser.m in Sources */,
				6A8EEEFC10A14F0F00DC630C /* MGTwitterStatusesParser.m in Sources */,
				6A8EEEFD10A14F0F00DC630C /* MGTwitterUsersParser.m in Sources */,
				6A8EEEFE10A14F0F00DC630C /* MGTwitterMessagesParser.m in Sources */,
				6A8EEEFF10A14F0F00DC630C /* MGTwitterMiscParser.m in Sources */,
				6A8EEF0610A14F0F00DC630C /* NSString+UUID.m in Sources */,
				6A8EEF0710A14F0F00DC630C /* NSData+Base64.m in Sources */,
			);
			runOnlyForDeploymentPostprocessing = 0;
		};
/* End PBXSourcesBuildPhase section */

/* Begin XCBuildConfiguration section */
		1D6058940D05DD3E006BFB54 /* Debug */ = {
			isa = XCBuildConfiguration;
			buildSettings = {
				ALWAYS_SEARCH_USER_PATHS = NO;
				COPY_PHASE_STRIP = NO;
				GCC_DYNAMIC_NO_PIC = NO;
				GCC_OPTIMIZATION_LEVEL = 0;
				GCC_PRECOMPILE_PREFIX_HEADER = YES;
				GCC_PREFIX_HEADER = Kickball_Prefix.pch;
				INFOPLIST_FILE = "Kickball-Info.plist";
				LIBRARY_SEARCH_PATHS = (
					"$(inherited)",
					"\"$(SRCROOT)/Classes\"",
					"\"$(SRCROOT)/../../../Desktop/PinchAnalytics-r69\"",
					"\"$(SRCROOT)/../../../Desktop\"",
					/Developer/iPhone30/Platforms/iPhoneSimulator.platform/Developer/SDKs/iPhoneSimulator3.0.sdk/System/Library/Frameworks/StoreKit.framework,
					"\"$(SRCROOT)/../BoomboxPro/Classes\"",
					"\"$(SRCROOT)/../../../Desktop/libYAJLIPhone-0.2.10 Folder\"",
				);
				PRODUCT_NAME = Kickball;
			};
			name = Debug;
		};
		1D6058950D05DD3E006BFB54 /* Release */ = {
			isa = XCBuildConfiguration;
			buildSettings = {
				ALWAYS_SEARCH_USER_PATHS = NO;
				COPY_PHASE_STRIP = YES;
				GCC_PRECOMPILE_PREFIX_HEADER = YES;
				GCC_PREFIX_HEADER = Kickball_Prefix.pch;
				INFOPLIST_FILE = "Kickball-Info.plist";
				LIBRARY_SEARCH_PATHS = (
					"$(inherited)",
					"\"$(SRCROOT)/Classes\"",
					"\"$(SRCROOT)/../../../Desktop/PinchAnalytics-r69\"",
					"\"$(SRCROOT)/../../../Desktop\"",
					/Developer/iPhone30/Platforms/iPhoneSimulator.platform/Developer/SDKs/iPhoneSimulator3.0.sdk/System/Library/Frameworks/StoreKit.framework,
					"\"$(SRCROOT)/../BoomboxPro/Classes\"",
					"\"$(SRCROOT)/../../../Desktop/libYAJLIPhone-0.2.10 Folder\"",
				);
				PRODUCT_NAME = Kickball;
			};
			name = Release;
		};
		C01FCF4F08A954540054247B /* Debug */ = {
			isa = XCBuildConfiguration;
			buildSettings = {
				ARCHS = "$(ARCHS_STANDARD_32_BIT)";
				"CODE_SIGN_IDENTITY[sdk=iphoneos*]" = "iPhone Developer";
				GCC_C_LANGUAGE_STANDARD = c99;
				GCC_WARN_ABOUT_RETURN_TYPE = YES;
				GCC_WARN_UNUSED_VARIABLE = YES;
				HEADER_SEARCH_PATHS = (
					/usr/local/include/yajl,
					$SDKROOT/usr/include/libxml2,
				);
				PREBINDING = NO;
				SDKROOT = iphoneos3.1;
			};
			name = Debug;
		};
		C01FCF5008A954540054247B /* Release */ = {
			isa = XCBuildConfiguration;
			buildSettings = {
				ARCHS = "$(ARCHS_STANDARD_32_BIT)";
				"CODE_SIGN_IDENTITY[sdk=iphoneos*]" = "iPhone Developer";
				GCC_C_LANGUAGE_STANDARD = c99;
				GCC_WARN_ABOUT_RETURN_TYPE = YES;
				GCC_WARN_UNUSED_VARIABLE = YES;
				PREBINDING = NO;
				SDKROOT = iphoneos3.1;
			};
			name = Release;
		};
/* End XCBuildConfiguration section */

/* Begin XCConfigurationList section */
		1D6058960D05DD3E006BFB54 /* Build configuration list for PBXNativeTarget "Kickball" */ = {
			isa = XCConfigurationList;
			buildConfigurations = (
				1D6058940D05DD3E006BFB54 /* Debug */,
				1D6058950D05DD3E006BFB54 /* Release */,
			);
			defaultConfigurationIsVisible = 0;
			defaultConfigurationName = Release;
		};
		C01FCF4E08A954540054247B /* Build configuration list for PBXProject "Kickball" */ = {
			isa = XCConfigurationList;
			buildConfigurations = (
				C01FCF4F08A954540054247B /* Debug */,
				C01FCF5008A954540054247B /* Release */,
			);
			defaultConfigurationIsVisible = 0;
			defaultConfigurationName = Release;
		};
/* End XCConfigurationList section */
	};
	rootObject = 29B97313FDCFA39411CA2CEA /* Project object */;
}
